// !$*UTF8*$!
{
	archiveVersion = 1;
	classes = {
	};
	objectVersion = 46;
	objects = {

/* Begin PBXBuildFile section */
		7D25211B1C09B810004DE203 /* main.m in Sources */ = {isa = PBXBuildFile; fileRef = 7D25211A1C09B810004DE203 /* main.m */; };
		7D25211E1C09B810004DE203 /* AppDelegate.m in Sources */ = {isa = PBXBuildFile; fileRef = 7D25211D1C09B810004DE203 /* AppDelegate.m */; };
		7D2521211C09B810004DE203 /* ViewController.m in Sources */ = {isa = PBXBuildFile; fileRef = 7D2521201C09B810004DE203 /* ViewController.m */; };
		7D2521241C09B810004DE203 /* Main.storyboard in Resources */ = {isa = PBXBuildFile; fileRef = 7D2521221C09B810004DE203 /* Main.storyboard */; };
		7D2521261C09B810004DE203 /* Assets.xcassets in Resources */ = {isa = PBXBuildFile; fileRef = 7D2521251C09B810004DE203 /* Assets.xcassets */; };
		7D2521291C09B810004DE203 /* LaunchScreen.storyboard in Resources */ = {isa = PBXBuildFile; fileRef = 7D2521271C09B810004DE203 /* LaunchScreen.storyboard */; };
		7D2521341C09B810004DE203 /* LeftDemoTests.m in Sources */ = {isa = PBXBuildFile; fileRef = 7D2521331C09B810004DE203 /* LeftDemoTests.m */; };
		7D25213F1C09B810004DE203 /* LeftDemoUITests.m in Sources */ = {isa = PBXBuildFile; fileRef = 7D25213E1C09B810004DE203 /* LeftDemoUITests.m */; };
		7D25214E1C0AEDA1004DE203 /* CustomHeaderView.m in Sources */ = {isa = PBXBuildFile; fileRef = 7D25214D1C0AEDA1004DE203 /* CustomHeaderView.m */; };
/* End PBXBuildFile section */

/* Begin PBXContainerItemProxy section */
		7D2521301C09B810004DE203 /* PBXContainerItemProxy */ = {
			isa = PBXContainerItemProxy;
			containerPortal = 7D25210E1C09B810004DE203 /* Project object */;
			proxyType = 1;
			remoteGlobalIDString = 7D2521151C09B810004DE203;
			remoteInfo = LeftDemo;
		};
		7D25213B1C09B810004DE203 /* PBXContainerItemProxy */ = {
			isa = PBXContainerItemProxy;
			containerPortal = 7D25210E1C09B810004DE203 /* Project object */;
			proxyType = 1;
			remoteGlobalIDString = 7D2521151C09B810004DE203;
			remoteInfo = LeftDemo;
		};
/* End PBXContainerItemProxy section */

/* Begin PBXFileReference section */
		7D2521161C09B810004DE203 /* LeftDemo.app */ = {isa = PBXFileReference; explicitFileType = wrapper.application; includeInIndex = 0; path = LeftDemo.app; sourceTree = BUILT_PRODUCTS_DIR; };
		7D25211A1C09B810004DE203 /* main.m */ = {isa = PBXFileReference; lastKnownFileType = sourcecode.c.objc; path = main.m; sourceTree = "<group>"; };
		7D25211C1C09B810004DE203 /* AppDelegate.h */ = {isa = PBXFileReference; lastKnownFileType = sourcecode.c.h; path = AppDelegate.h; sourceTree = "<group>"; };
		7D25211D1C09B810004DE203 /* AppDelegate.m */ = {isa = PBXFileReference; lastKnownFileType = sourcecode.c.objc; path = AppDelegate.m; sourceTree = "<group>"; };
		7D25211F1C09B810004DE203 /* ViewController.h */ = {isa = PBXFileReference; lastKnownFileType = sourcecode.c.h; path = ViewController.h; sourceTree = "<group>"; };
		7D2521201C09B810004DE203 /* ViewController.m */ = {isa = PBXFileReference; lastKnownFileType = sourcecode.c.objc; path = ViewController.m; sourceTree = "<group>"; };
		7D2521231C09B810004DE203 /* Base */ = {isa = PBXFileReference; lastKnownFileType = file.storyboard; name = Base; path = Base.lproj/Main.storyboard; sourceTree = "<group>"; };
		7D2521251C09B810004DE203 /* Assets.xcassets */ = {isa = PBXFileReference; lastKnownFileType = folder.assetcatalog; path = Assets.xcassets; sourceTree = "<group>"; };
		7D2521281C09B810004DE203 /* Base */ = {isa = PBXFileReference; lastKnownFileType = file.storyboard; name = Base; path = Base.lproj/LaunchScreen.storyboard; sourceTree = "<group>"; };
		7D25212A1C09B810004DE203 /* Info.plist */ = {isa = PBXFileReference; lastKnownFileType = text.plist.xml; path = Info.plist; sourceTree = "<group>"; };
		7D25212F1C09B810004DE203 /* LeftDemoTests.xctest */ = {isa = PBXFileReference; explicitFileType = wrapper.cfbundle; includeInIndex = 0; path = LeftDemoTests.xctest; sourceTree = BUILT_PRODUCTS_DIR; };
		7D2521331C09B810004DE203 /* LeftDemoTests.m */ = {isa = PBXFileReference; lastKnownFileType = sourcecode.c.objc; path = LeftDemoTests.m; sourceTree = "<group>"; };
		7D2521351C09B810004DE203 /* Info.plist */ = {isa = PBXFileReference; lastKnownFileType = text.plist.xml; path = Info.plist; sourceTree = "<group>"; };
		7D25213A1C09B810004DE203 /* LeftDemoUITests.xctest */ = {isa = PBXFileReference; explicitFileType = wrapper.cfbundle; includeInIndex = 0; path = LeftDemoUITests.xctest; sourceTree = BUILT_PRODUCTS_DIR; };
		7D25213E1C09B810004DE203 /* LeftDemoUITests.m */ = {isa = PBXFileReference; lastKnownFileType = sourcecode.c.objc; path = LeftDemoUITests.m; sourceTree = "<group>"; };
		7D2521401C09B810004DE203 /* Info.plist */ = {isa = PBXFileReference; lastKnownFileType = text.plist.xml; path = Info.plist; sourceTree = "<group>"; };
		7D25214C1C0AEDA1004DE203 /* CustomHeaderView.h */ = {isa = PBXFileReference; fileEncoding = 4; lastKnownFileType = sourcecode.c.h; path = CustomHeaderView.h; sourceTree = "<group>"; };
		7D25214D1C0AEDA1004DE203 /* CustomHeaderView.m */ = {isa = PBXFileReference; fileEncoding = 4; lastKnownFileType = sourcecode.c.objc; path = CustomHeaderView.m; sourceTree = "<group>"; };
/* End PBXFileReference section */

/* Begin PBXFrameworksBuildPhase section */
		7D2521131C09B810004DE203 /* Frameworks */ = {
			isa = PBXFrameworksBuildPhase;
			buildActionMask = 2147483647;
			files = (
			);
			runOnlyForDeploymentPostprocessing = 0;
		};
		7D25212C1C09B810004DE203 /* Frameworks */ = {
			isa = PBXFrameworksBuildPhase;
			buildActionMask = 2147483647;
			files = (
			);
			runOnlyForDeploymentPostprocessing = 0;
		};
		7D2521371C09B810004DE203 /* Frameworks */ = {
			isa = PBXFrameworksBuildPhase;
			buildActionMask = 2147483647;
			files = (
			);
			runOnlyForDeploymentPostprocessing = 0;
		};
/* End PBXFrameworksBuildPhase section */

/* Begin PBXGroup section */
		7D25210D1C09B810004DE203 = {
			isa = PBXGroup;
			children = (
				7D2521181C09B810004DE203 /* LeftDemo */,
				7D2521321C09B810004DE203 /* LeftDemoTests */,
				7D25213D1C09B810004DE203 /* LeftDemoUITests */,
				7D2521171C09B810004DE203 /* Products */,
			);
			sourceTree = "<group>";
		};
		7D2521171C09B810004DE203 /* Products */ = {
			isa = PBXGroup;
			children = (
				7D2521161C09B810004DE203 /* LeftDemo.app */,
				7D25212F1C09B810004DE203 /* LeftDemoTests.xctest */,
				7D25213A1C09B810004DE203 /* LeftDemoUITests.xctest */,
			);
			name = Products;
			sourceTree = "<group>";
		};
		7D2521181C09B810004DE203 /* LeftDemo */ = {
			isa = PBXGroup;
			children = (
				7D25211C1C09B810004DE203 /* AppDelegate.h */,
				7D25211D1C09B810004DE203 /* AppDelegate.m */,
				7D25211F1C09B810004DE203 /* ViewController.h */,
				7D2521201C09B810004DE203 /* ViewController.m */,
				7D25214C1C0AEDA1004DE203 /* CustomHeaderView.h */,
				7D25214D1C0AEDA1004DE203 /* CustomHeaderView.m */,
				7D2521221C09B810004DE203 /* Main.storyboard */,
				7D2521251C09B810004DE203 /* Assets.xcassets */,
				7D2521271C09B810004DE203 /* LaunchScreen.storyboard */,
				7D25212A1C09B810004DE203 /* Info.plist */,
				7D2521191C09B810004DE203 /* Supporting Files */,
			);
			path = LeftDemo;
			sourceTree = "<group>";
		};
		7D2521191C09B810004DE203 /* Supporting Files */ = {
			isa = PBXGroup;
			children = (
				7D25211A1C09B810004DE203 /* main.m */,
			);
			name = "Supporting Files";
			sourceTree = "<group>";
		};
		7D2521321C09B810004DE203 /* LeftDemoTests */ = {
			isa = PBXGroup;
			children = (
				7D2521331C09B810004DE203 /* LeftDemoTests.m */,
				7D2521351C09B810004DE203 /* Info.plist */,
			);
			path = LeftDemoTests;
			sourceTree = "<group>";
		};
		7D25213D1C09B810004DE203 /* LeftDemoUITests */ = {
			isa = PBXGroup;
			children = (
				7D25213E1C09B810004DE203 /* LeftDemoUITests.m */,
				7D2521401C09B810004DE203 /* Info.plist */,
			);
			path = LeftDemoUITests;
			sourceTree = "<group>";
		};
/* End PBXGroup section */

/* Begin PBXNativeTarget section */
		7D2521151C09B810004DE203 /* LeftDemo */ = {
			isa = PBXNativeTarget;
			buildConfigurationList = 7D2521431C09B810004DE203 /* Build configuration list for PBXNativeTarget "LeftDemo" */;
			buildPhases = (
				7D2521121C09B810004DE203 /* Sources */,
				7D2521131C09B810004DE203 /* Frameworks */,
				7D2521141C09B810004DE203 /* Resources */,
			);
			buildRules = (
			);
			dependencies = (
			);
			name = LeftDemo;
			productName = LeftDemo;
			productReference = 7D2521161C09B810004DE203 /* LeftDemo.app */;
			productType = "com.apple.product-type.application";
		};
		7D25212E1C09B810004DE203 /* LeftDemoTests */ = {
			isa = PBXNativeTarget;
			buildConfigurationList = 7D2521461C09B810004DE203 /* Build configuration list for PBXNativeTarget "LeftDemoTests" */;
			buildPhases = (
				7D25212B1C09B810004DE203 /* Sources */,
				7D25212C1C09B810004DE203 /* Frameworks */,
				7D25212D1C09B810004DE203 /* Resources */,
			);
			buildRules = (
			);
			dependencies = (
				7D2521311C09B810004DE203 /* PBXTargetDependency */,
			);
			name = LeftDemoTests;
			productName = LeftDemoTests;
			productReference = 7D25212F1C09B810004DE203 /* LeftDemoTests.xctest */;
			productType = "com.apple.product-type.bundle.unit-test";
		};
		7D2521391C09B810004DE203 /* LeftDemoUITests */ = {
			isa = PBXNativeTarget;
			buildConfigurationList = 7D2521491C09B810004DE203 /* Build configuration list for PBXNativeTarget "LeftDemoUITests" */;
			buildPhases = (
				7D2521361C09B810004DE203 /* Sources */,
				7D2521371C09B810004DE203 /* Frameworks */,
				7D2521381C09B810004DE203 /* Resources */,
			);
			buildRules = (
			);
			dependencies = (
				7D25213C1C09B810004DE203 /* PBXTargetDependency */,
			);
			name = LeftDemoUITests;
			productName = LeftDemoUITests;
			productReference = 7D25213A1C09B810004DE203 /* LeftDemoUITests.xctest */;
			productType = "com.apple.product-type.bundle.ui-testing";
		};
/* End PBXNativeTarget section */

/* Begin PBXProject section */
		7D25210E1C09B810004DE203 /* Project object */ = {
			isa = PBXProject;
			attributes = {
				LastUpgradeCheck = 0710;
				ORGANIZATIONNAME = wakeup;
				TargetAttributes = {
					7D2521151C09B810004DE203 = {
						CreatedOnToolsVersion = 7.1;
					};
					7D25212E1C09B810004DE203 = {
						CreatedOnToolsVersion = 7.1;
						TestTargetID = 7D2521151C09B810004DE203;
					};
					7D2521391C09B810004DE203 = {
						CreatedOnToolsVersion = 7.1;
						TestTargetID = 7D2521151C09B810004DE203;
					};
				};
			};
			buildConfigurationList = 7D2521111C09B810004DE203 /* Build configuration list for PBXProject "LeftDemo" */;
			compatibilityVersion = "Xcode 3.2";
			developmentRegion = English;
			hasScannedForEncodings = 0;
			knownRegions = (
				en,
				Base,
			);
			mainGroup = 7D25210D1C09B810004DE203;
			productRefGroup = 7D2521171C09B810004DE203 /* Products */;
			projectDirPath = "";
			projectRoot = "";
			targets = (
				7D2521151C09B810004DE203 /* LeftDemo */,
				7D25212E1C09B810004DE203 /* LeftDemoTests */,
				7D2521391C09B810004DE203 /* LeftDemoUITests */,
			);
		};
/* End PBXProject section */

/* Begin PBXResourcesBuildPhase section */
		7D2521141C09B810004DE203 /* Resources */ = {
			isa = PBXResourcesBuildPhase;
			buildActionMask = 2147483647;
			files = (
				7D2521291C09B810004DE203 /* LaunchScreen.storyboard in Resources */,
				7D2521261C09B810004DE203 /* Assets.xcassets in Resources */,
				7D2521241C09B810004DE203 /* Main.storyboard in Resources */,
			);
			runOnlyForDeploymentPostprocessing = 0;
		};
		7D25212D1C09B810004DE203 /* Resources */ = {
			isa = PBXResourcesBuildPhase;
			buildActionMask = 2147483647;
			files = (
			);
			runOnlyForDeploymentPostprocessing = 0;
		};
		7D2521381C09B810004DE203 /* Resources */ = {
			isa = PBXResourcesBuildPhase;
			buildActionMask = 2147483647;
			files = (
			);
			runOnlyForDeploymentPostprocessing = 0;
		};
/* End PBXResourcesBuildPhase section */

/* Begin PBXSourcesBuildPhase section */
		7D2521121C09B810004DE203 /* Sources */ = {
			isa = PBXSourcesBuildPhase;
			buildActionMask = 2147483647;
			files = (
				7D25214E1C0AEDA1004DE203 /* CustomHeaderView.m in Sources */,
				7D2521211C09B810004DE203 /* ViewController.m in Sources */,
				7D25211E1C09B810004DE203 /* AppDelegate.m in Sources */,
				7D25211B1C09B810004DE203 /* main.m in Sources */,
			);
			runOnlyForDeploymentPostprocessing = 0;
		};
		7D25212B1C09B810004DE203 /* Sources */ = {
			isa = PBXSourcesBuildPhase;
			buildActionMask = 2147483647;
			files = (
				7D2521341C09B810004DE203 /* LeftDemoTests.m in Sources */,
			);
			runOnlyForDeploymentPostprocessing = 0;
		};
		7D2521361C09B810004DE203 /* Sources */ = {
			isa = PBXSourcesBuildPhase;
			buildActionMask = 2147483647;
			files = (
				7D25213F1C09B810004DE203 /* LeftDemoUITests.m in Sources */,
			);
			runOnlyForDeploymentPostprocessing = 0;
		};
/* End PBXSourcesBuildPhase section */

/* Begin PBXTargetDependency section */
		7D2521311C09B810004DE203 /* PBXTargetDependency */ = {
			isa = PBXTargetDependency;
			target = 7D2521151C09B810004DE203 /* LeftDemo */;
			targetProxy = 7D2521301C09B810004DE203 /* PBXContainerItemProxy */;
		};
		7D25213C1C09B810004DE203 /* PBXTargetDependency */ = {
			isa = PBXTargetDependency;
			target = 7D2521151C09B810004DE203 /* LeftDemo */;
			targetProxy = 7D25213B1C09B810004DE203 /* PBXContainerItemProxy */;
		};
/* End PBXTargetDependency section */

/* Begin PBXVariantGroup section */
		7D2521221C09B810004DE203 /* Main.storyboard */ = {
			isa = PBXVariantGroup;
			children = (
				7D2521231C09B810004DE203 /* Base */,
			);
			name = Main.storyboard;
			sourceTree = "<group>";
		};
		7D2521271C09B810004DE203 /* LaunchScreen.storyboard */ = {
			isa = PBXVariantGroup;
			children = (
				7D2521281C09B810004DE203 /* Base */,
			);
			name = LaunchScreen.storyboard;
			sourceTree = "<group>";
		};
/* End PBXVariantGroup section */

/* Begin XCBuildConfiguration section */
		7D2521411C09B810004DE203 /* Debug */ = {
			isa = XCBuildConfiguration;
			buildSettings = {
				ALWAYS_SEARCH_USER_PATHS = NO;
				CLANG_CXX_LANGUAGE_STANDARD = "gnu++0x";
				CLANG_CXX_LIBRARY = "libc++";
				CLANG_ENABLE_MODULES = YES;
				CLANG_ENABLE_OBJC_ARC = YES;
				CLANG_WARN_BOOL_CONVERSION = YES;
				CLANG_WARN_CONSTANT_CONVERSION = YES;
				CLANG_WARN_DIRECT_OBJC_ISA_USAGE = YES_ERROR;
				CLANG_WARN_EMPTY_BODY = YES;
				CLANG_WARN_ENUM_CONVERSION = YES;
				CLANG_WARN_INT_CONVERSION = YES;
				CLANG_WARN_OBJC_ROOT_CLASS = YES_ERROR;
				CLANG_WARN_UNREACHABLE_CODE = YES;
				CLANG_WARN__DUPLICATE_METHOD_MATCH = YES;
				"CODE_SIGN_IDENTITY[sdk=iphoneos*]" = "iPhone Developer";
				COPY_PHASE_STRIP = NO;
				DEBUG_INFORMATION_FORMAT = dwarf;
				ENABLE_STRICT_OBJC_MSGSEND = YES;
				ENABLE_TESTABILITY = YES;
				GCC_C_LANGUAGE_STANDARD = gnu99;
				GCC_DYNAMIC_NO_PIC = NO;
				GCC_NO_COMMON_BLOCKS = YES;
				GCC_OPTIMIZATION_LEVEL = 0;
				GCC_PREPROCESSOR_DEFINITIONS = (
					"DEBUG=1",
					"$(inherited)",
				);
				GCC_WARN_64_TO_32_BIT_CONVERSION = YES;
				GCC_WARN_ABOUT_RETURN_TYPE = YES_ERROR;
				GCC_WARN_UNDECLARED_SELECTOR = YES;
				GCC_WARN_UNINITIALIZED_AUTOS = YES_AGGRESSIVE;
				GCC_WARN_UNUSED_FUNCTION = YES;
				GCC_WARN_UNUSED_VARIABLE = YES;
				IPHONEOS_DEPLOYMENT_TARGET = 9.1;
				MTL_ENABLE_DEBUG_INFO = YES;
				ONLY_ACTIVE_ARCH = YES;
				SDKROOT = iphoneos;
				TARGETED_DEVICE_FAMILY = "1,2";
			};
			name = Debug;
		};
		7D2521421C09B810004DE203 /* Release */ = {
			isa = XCBuildConfiguration;
			buildSettings = {
				ALWAYS_SEARCH_USER_PATHS = NO;
				CLANG_CXX_LANGUAGE_STANDARD = "gnu++0x";
				CLANG_CXX_LIBRARY = "libc++";
				CLANG_ENABLE_MODULES = YES;
				CLANG_ENABLE_OBJC_ARC = YES;
				CLANG_WARN_BOOL_CONVERSION = YES;
				CLANG_WARN_CONSTANT_CONVERSION = YES;
				CLANG_WARN_DIRECT_OBJC_ISA_USAGE = YES_ERROR;
				CLANG_WARN_EMPTY_BODY = YES;
				CLANG_WARN_ENUM_CONVERSION = YES;
				CLANG_WARN_INT_CONVERSION = YES;
				CLANG_WARN_OBJC_ROOT_CLASS = YES_ERROR;
				CLANG_WARN_UNREACHABLE_CODE = YES;
				CLANG_WARN__DUPLICATE_METHOD_MATCH = YES;
				"CODE_SIGN_IDENTITY[sdk=iphoneos*]" = "iPhone Developer";
				COPY_PHASE_STRIP = NO;
				DEBUG_INFORMATION_FORMAT = "dwarf-with-dsym";
				ENABLE_NS_ASSERTIONS = NO;
				ENABLE_STRICT_OBJC_MSGSEND = YES;
				GCC_C_LANGUAGE_STANDARD = gnu99;
				GCC_NO_COMMON_BLOCKS = YES;
				GCC_WARN_64_TO_32_BIT_CONVERSION = YES;
				GCC_WARN_ABOUT_RETURN_TYPE = YES_ERROR;
				GCC_WARN_UNDECLARED_SELECTOR = YES;
				GCC_WARN_UNINITIALIZED_AUTOS = YES_AGGRESSIVE;
				GCC_WARN_UNUSED_FUNCTION = YES;
				GCC_WARN_UNUSED_VARIABLE = YES;
				IPHONEOS_DEPLOYMENT_TARGET = 9.1;
				MTL_ENABLE_DEBUG_INFO = NO;
				SDKROOT = iphoneos;
				TARGETED_DEVICE_FAMILY = "1,2";
				VALIDATE_PRODUCT = YES;
			};
			name = Release;
		};
		7D2521441C09B810004DE203 /* Debug */ = {
			isa = XCBuildConfiguration;
			buildSettings = {
				ASSETCATALOG_COMPILER_APPICON_NAME = AppIcon;
				INFOPLIST_FILE = LeftDemo/Info.plist;
				LD_RUNPATH_SEARCH_PATHS = "$(inherited) @executable_path/Frameworks";
				PRODUCT_BUNDLE_IDENTIFIER = com.rimionline.LeftDemo;
				PRODUCT_NAME = "$(TARGET_NAME)";
			};
			name = Debug;
		};
		7D2521451C09B810004DE203 /* Release */ = {
			isa = XCBuildConfiguration;
			buildSettings = {
				ASSETCATALOG_COMPILER_APPICON_NAME = AppIcon;
				INFOPLIST_FILE = LeftDemo/Info.plist;
				LD_RUNPATH_SEARCH_PATHS = "$(inherited) @executable_path/Frameworks";
				PRODUCT_BUNDLE_IDENTIFIER = com.rimionline.LeftDemo;
				PRODUCT_NAME = "$(TARGET_NAME)";
			};
			name = Release;
		};
		7D2521471C09B810004DE203 /* Debug */ = {
			isa = XCBuildConfiguration;
			buildSettings = {
				BUNDLE_LOADER = "$(TEST_HOST)";
				INFOPLIST_FILE = LeftDemoTests/Info.plist;
				LD_RUNPATH_SEARCH_PATHS = "$(inherited) @executable_path/Frameworks @loader_path/Frameworks";
				PRODUCT_BUNDLE_IDENTIFIER = com.rimionline.LeftDemoTests;
				PRODUCT_NAME = "$(TARGET_NAME)";
				TEST_HOST = "$(BUILT_PRODUCTS_DIR)/LeftDemo.app/LeftDemo";
			};
			name = Debug;
		};
		7D2521481C09B810004DE203 /* Release */ = {
			isa = XCBuildConfiguration;
			buildSettings = {
				BUNDLE_LOADER = "$(TEST_HOST)";
				INFOPLIST_FILE = LeftDemoTests/Info.plist;
				LD_RUNPATH_SEARCH_PATHS = "$(inherited) @executable_path/Frameworks @loader_path/Frameworks";
				PRODUCT_BUNDLE_IDENTIFIER = com.rimionline.LeftDemoTests;
				PRODUCT_NAME = "$(TARGET_NAME)";
				TEST_HOST = "$(BUILT_PRODUCTS_DIR)/LeftDemo.app/LeftDemo";
			};
			name = Release;
		};
		7D25214A1C09B810004DE203 /* Debug */ = {
			isa = XCBuildConfiguration;
			buildSettings = {
				INFOPLIST_FILE = LeftDemoUITests/Info.plist;
				LD_RUNPATH_SEARCH_PATHS = "$(inherited) @executable_path/Frameworks @loader_path/Frameworks";
				PRODUCT_BUNDLE_IDENTIFIER = com.rimionline.LeftDemoUITests;
				PRODUCT_NAME = "$(TARGET_NAME)";
				TEST_TARGET_NAME = LeftDemo;
				USES_XCTRUNNER = YES;
			};
			name = Debug;
		};
		7D25214B1C09B810004DE203 /* Release */ = {
			isa = XCBuildConfiguration;
			buildSettings = {
				INFOPLIST_FILE = LeftDemoUITests/Info.plist;
				LD_RUNPATH_SEARCH_PATHS = "$(inherited) @executable_path/Frameworks @loader_path/Frameworks";
				PRODUCT_BUNDLE_IDENTIFIER = com.rimionline.LeftDemoUITests;
				PRODUCT_NAME = "$(TARGET_NAME)";
				TEST_TARGET_NAME = LeftDemo;
				USES_XCTRUNNER = YES;
			};
			name = Release;
		};
/* End XCBuildConfiguration section */

/* Begin XCConfigurationList section */
		7D2521111C09B810004DE203 /* Build configuration list for PBXProject "LeftDemo" */ = {
			isa = XCConfigurationList;
			buildConfigurations = (
				7D2521411C09B810004DE203 /* Debug */,
				7D2521421C09B810004DE203 /* Release */,
			);
			defaultConfigurationIsVisible = 0;
			defaultConfigurationName = Release;
		};
		7D2521431C09B810004DE203 /* Build configuration list for PBXNativeTarget "LeftDemo" */ = {
			isa = XCConfigurationList;
			buildConfigurations = (
				7D2521441C09B810004DE203 /* Debug */,
				7D2521451C09B810004DE203 /* Release */,
			);
			defaultConfigurationIsVisible = 0;
		};
		7D2521461C09B810004DE203 /* Build configuration list for PBXNativeTarget "LeftDemoTests" */ = {
			isa = XCConfigurationList;
			buildConfigurations = (
				7D2521471C09B810004DE203 /* Debug */,
				7D2521481C09B810004DE203 /* Release */,
			);
			defaultConfigurationIsVisible = 0;
		};
		7D2521491C09B810004DE203 /* Build configuration list for PBXNativeTarget "LeftDemoUITests" */ = {
			isa = XCConfigurationList;
			buildConfigurations = (
				7D25214A1C09B810004DE203 /* Debug */,
				7D25214B1C09B810004DE203 /* Release */,
			);
			defaultConfigurationIsVisible = 0;
		};
/* End XCConfigurationList section */
	};
	rootObject = 7D25210E1C09B810004DE203 /* Project object */;
}
